
Microsoft Visual Studio Solution File, Format Version 12.00
# Visual Studio Version 17
VisualStudioVersion = 17.0.32112.339
MinimumVisualStudioVersion = 10.0.40219.1
Project("{9A19103F-16F7-4668-BE54-9A1E7A4F7556}") = "ParkingTicket.Services.Api", "ParkingTicket.Services.Api.csproj", "{5A4AB240-E633-43EE-AE6F-B3219AE8104C}"
EndProject
Project("{FAE04EC0-301F-11D3-BF4B-00C04F79EFBC}") = "ParkingTicket.Services.Core", "..\ParkingTicket.Services.Core\ParkingTicket.Services.Core.csproj", "{05121FD7-E3D5-4A4A-A20F-889880994A34}"
EndProject
Project("{FAE04EC0-301F-11D3-BF4B-00C04F79EFBC}") = "ParkingTicket.Services.Data", "..\ParkingTicket.Services.Data\ParkingTicket.Services.Data.csproj", "{A98FB9C7-9233-4D9F-B194-6CE4A913C607}"
EndProject
Global
	GlobalSection(SolutionConfigurationPlatforms) = preSolution
		Debug|Any CPU = Debug|Any CPU
		Release|Any CPU = Release|Any CPU
	EndGlobalSection
	GlobalSection(ProjectConfigurationPlatforms) = postSolution
		{5A4AB240-E633-43EE-AE6F-B3219AE8104C}.Debug|Any CPU.ActiveCfg = Debug|Any CPU
		{5A4AB240-E633-43EE-AE6F-B3219AE8104C}.Debug|Any CPU.Build.0 = Debug|Any CPU
		{5A4AB240-E633-43EE-AE6F-B3219AE8104C}.Release|Any CPU.ActiveCfg = Release|Any CPU
		{5A4AB240-E633-43EE-AE6F-B3219AE8104C}.Release|Any CPU.Build.0 = Release|Any CPU
		{05121FD7-E3D5-4A4A-A20F-889880994A34}.Debug|Any CPU.ActiveCfg = Debug|Any CPU
		{05121FD7-E3D5-4A4A-A20F-889880994A34}.Debug|Any CPU.Build.0 = Debug|Any CPU
		{05121FD7-E3D5-4A4A-A20F-889880994A34}.Release|Any CPU.ActiveCfg = Release|Any CPU
		{05121FD7-E3D5-4A4A-A20F-889880994A34}.Release|Any CPU.Build.0 = Release|Any CPU
		{A98FB9C7-9233-4D9F-B194-6CE4A913C607}.Debug|Any CPU.ActiveCfg = Debug|Any CPU
		{A98FB9C7-9233-4D9F-B194-6CE4A913C607}.Debug|Any CPU.Build.0 = Debug|Any CPU
		{A98FB9C7-9233-4D9F-B194-6CE4A913C607}.Release|Any CPU.ActiveCfg = Release|Any CPU
		{A98FB9C7-9233-4D9F-B194-6CE4A913C607}.Release|Any CPU.Build.0 = Release|Any CPU
	EndGlobalSection
	GlobalSection(SolutionProperties) = preSolution
		HideSolutionNode = FALSE
	EndGlobalSection
	GlobalSection(ExtensibilityGlobals) = postSolution
		SolutionGuid = {A3AC0039-2220-422E-9A94-9FC4BDFFA395}
	EndGlobalSection
EndGlobal
